
Microsoft Visual Studio Solution File, Format Version 12.00
# Visual Studio 2013
Project("{FAE04EC0-301F-11D3-BF4B-00C04F79EFBC}") = "UnityVS.ProcJam.CSharp.Editor", "UnityVS.ProcJam.CSharp.Editor.csproj", "{258A549F-004E-9F5A-294B-AF3512119695}"
EndProject
Project("{FAE04EC0-301F-11D3-BF4B-00C04F79EFBC}") = "UnityVS.ProcJam.CSharp", "UnityVS.ProcJam.CSharp.csproj", "{74D6750F-9604-8429-4B9D-BD91100EE6A5}"
EndProject
Global
	GlobalSection(SolutionConfigurationPlatforms) = preSolution
		Debug|Any CPU = Debug|Any CPU
		Release|Any CPU = Release|Any CPU
	EndGlobalSection
	GlobalSection(ProjectConfigurationPlatforms) = postSolution
		{258A549F-004E-9F5A-294B-AF3512119695}.Debug|Any CPU.ActiveCfg = Debug|Any CPU
		{258A549F-004E-9F5A-294B-AF3512119695}.Debug|Any CPU.Build.0 = Debug|Any CPU
		{258A549F-004E-9F5A-294B-AF3512119695}.Release|Any CPU.ActiveCfg = Release|Any CPU
		{258A549F-004E-9F5A-294B-AF3512119695}.Release|Any CPU.Build.0 = Release|Any CPU
		{74D6750F-9604-8429-4B9D-BD91100EE6A5}.Debug|Any CPU.ActiveCfg = Debug|Any CPU
		{74D6750F-9604-8429-4B9D-BD91100EE6A5}.Debug|Any CPU.Build.0 = Debug|Any CPU
		{74D6750F-9604-8429-4B9D-BD91100EE6A5}.Release|Any CPU.ActiveCfg = Release|Any CPU
		{74D6750F-9604-8429-4B9D-BD91100EE6A5}.Release|Any CPU.Build.0 = Release|Any CPU
	EndGlobalSection
	GlobalSection(SolutionProperties) = preSolution
		HideSolutionNode = FALSE
	EndGlobalSection
EndGlobal
